
Microsoft Visual Studio Solution File, Format Version 12.00
# Visual Studio 15
VisualStudioVersion = 15.0.26730.16
MinimumVisualStudioVersion = 10.0.40219.1
Project("{FAE04EC0-301F-11D3-BF4B-00C04F79EFBC}") = "MirzaCryptoHelpers", "MirzaCryptoHelpers\MirzaCryptoHelpers.csproj", "{9ED03E7B-3DED-4351-9E0F-8D48E3784D7F}"
EndProject
Global
	GlobalSection(SolutionConfigurationPlatforms) = preSolution
		Debug|Any CPU = Debug|Any CPU
		Release|Any CPU = Release|Any CPU
	EndGlobalSection
	GlobalSection(ProjectConfigurationPlatforms) = postSolution
		{9ED03E7B-3DED-4351-9E0F-8D48E3784D7F}.Debug|Any CPU.ActiveCfg = Debug|Any CPU
		{9ED03E7B-3DED-4351-9E0F-8D48E3784D7F}.Debug|Any CPU.Build.0 = Debug|Any CPU
		{9ED03E7B-3DED-4351-9E0F-8D48E3784D7F}.Release|Any CPU.ActiveCfg = Release|Any CPU
		{9ED03E7B-3DED-4351-9E0F-8D48E3784D7F}.Release|Any CPU.Build.0 = Release|Any CPU
	EndGlobalSection
	GlobalSection(SolutionProperties) = preSolution
		HideSolutionNode = FALSE
	EndGlobalSection
	GlobalSection(ExtensibilityGlobals) = postSolution
		SolutionGuid = {AA8E3568-B10F-42C2-81EC-B0C4FD6CC88B}
	EndGlobalSection
EndGlobal
